
Microsoft Visual Studio Solution File, Format Version 12.00
# Visual Studio 15
VisualStudioVersion = 15.0.28307.489
MinimumVisualStudioVersion = 10.0.40219.1
Project("{9A19103F-16F7-4668-BE54-9A1E7A4F7556}") = "Repl.Core", "Repl.Core\Repl.Core.csproj", "{7F5F06D8-5C27-45CE-8B60-1F23317D135C}"
EndProject
Project("{FAE04EC0-301F-11D3-BF4B-00C04F79EFBC}") = "Repl.WebApi", "Repl.WebApi\Repl.WebApi.csproj", "{FF9CF0E5-8113-46F7-A14A-2D2FEF9F3037}"
EndProject
Global
	GlobalSection(SolutionConfigurationPlatforms) = preSolution
		Debug|Any CPU = Debug|Any CPU
		Release|Any CPU = Release|Any CPU
	EndGlobalSection
	GlobalSection(ProjectConfigurationPlatforms) = postSolution
		{7F5F06D8-5C27-45CE-8B60-1F23317D135C}.Debug|Any CPU.ActiveCfg = Debug|Any CPU
		{7F5F06D8-5C27-45CE-8B60-1F23317D135C}.Debug|Any CPU.Build.0 = Debug|Any CPU
		{7F5F06D8-5C27-45CE-8B60-1F23317D135C}.Release|Any CPU.ActiveCfg = Release|Any CPU
		{7F5F06D8-5C27-45CE-8B60-1F23317D135C}.Release|Any CPU.Build.0 = Release|Any CPU
		{FF9CF0E5-8113-46F7-A14A-2D2FEF9F3037}.Debug|Any CPU.ActiveCfg = Debug|Any CPU
		{FF9CF0E5-8113-46F7-A14A-2D2FEF9F3037}.Debug|Any CPU.Build.0 = Debug|Any CPU
		{FF9CF0E5-8113-46F7-A14A-2D2FEF9F3037}.Release|Any CPU.ActiveCfg = Release|Any CPU
		{FF9CF0E5-8113-46F7-A14A-2D2FEF9F3037}.Release|Any CPU.Build.0 = Release|Any CPU
	EndGlobalSection
	GlobalSection(SolutionProperties) = preSolution
		HideSolutionNode = FALSE
	EndGlobalSection
	GlobalSection(ExtensibilityGlobals) = postSolution
		SolutionGuid = {3D1023C3-9E57-4A3E-9B2D-8A878FCAF927}
	EndGlobalSection
EndGlobal
